github.com/karrick/godirwalk v1.16.1 h1:DynhcF+bztK8gooS0+NDJFrdNZjJ3gzVzC545UNA9iw=
github.com/karrick/godirwalk v1.16.1/go.mod h1:j4mkqPuvaLI8mp1DroR3P6ad7cyYd4c1qeJ3RV7ULlk=
github.com/projectdiscovery/executil v0.0.0-20210413185435-fdede2eda279 h1:92Z3y2QVAEjIg7y78a1E63Y3ezhDgAqE1BtyEz3hv5U=
github.com/projectdiscovery/executil v0.0.0-20210413185435-fdede2eda279/go.mod h1:C8Cevz76yJLH0RpmIa+wWTVnZQyIL6CyhTnJJl6hHas=
